// !$*UTF8*$!
{
	archiveVersion = 1;
	classes = {
	};
	objectVersion = 46;
	objects = {

/* Begin PBXBuildFile section */
		B12F5E6E1C0EE13B00CE7619 /* OneViewController.m in Sources */ = {isa = PBXBuildFile; fileRef = B12F5E6D1C0EE13B00CE7619 /* OneViewController.m */; };
		B12F5E711C0EE14E00CE7619 /* TwoViewController.m in Sources */ = {isa = PBXBuildFile; fileRef = B12F5E701C0EE14E00CE7619 /* TwoViewController.m */; };
		B12F5E741C0EEA4000CE7619 /* MDCellBackTransition.m in Sources */ = {isa = PBXBuildFile; fileRef = B12F5E731C0EEA4000CE7619 /* MDCellBackTransition.m */; };
		B13E5E981C0F356900FCB95D /* MDSwitch.m in Sources */ = {isa = PBXBuildFile; fileRef = B13E5E971C0F356900FCB95D /* MDSwitch.m */; };
		B14D34BA1C0E934300EBF967 /* main.m in Sources */ = {isa = PBXBuildFile; fileRef = B14D34B91C0E934300EBF967 /* main.m */; };
		B14D34BD1C0E934300EBF967 /* AppDelegate.m in Sources */ = {isa = PBXBuildFile; fileRef = B14D34BC1C0E934300EBF967 /* AppDelegate.m */; };
		B14D34C01C0E934300EBF967 /* ViewController.m in Sources */ = {isa = PBXBuildFile; fileRef = B14D34BF1C0E934300EBF967 /* ViewController.m */; };
		B14D34C31C0E934300EBF967 /* Main.storyboard in Resources */ = {isa = PBXBuildFile; fileRef = B14D34C11C0E934300EBF967 /* Main.storyboard */; };
		B14D34C51C0E934300EBF967 /* Assets.xcassets in Resources */ = {isa = PBXBuildFile; fileRef = B14D34C41C0E934300EBF967 /* Assets.xcassets */; };
		B14D34C81C0E934300EBF967 /* LaunchScreen.storyboard in Resources */ = {isa = PBXBuildFile; fileRef = B14D34C61C0E934300EBF967 /* LaunchScreen.storyboard */; };
		B14D34D31C0E934300EBF967 /* MaterialDesignForiOSTests.m in Sources */ = {isa = PBXBuildFile; fileRef = B14D34D21C0E934300EBF967 /* MaterialDesignForiOSTests.m */; };
		B14D34DE1C0E934300EBF967 /* MaterialDesignForiOSUITests.m in Sources */ = {isa = PBXBuildFile; fileRef = B14D34DD1C0E934300EBF967 /* MaterialDesignForiOSUITests.m */; };
		B14D34EE1C0E937A00EBF967 /* MDButton.m in Sources */ = {isa = PBXBuildFile; fileRef = B14D34ED1C0E937A00EBF967 /* MDButton.m */; };
		B14D34F21C0ED26400EBF967 /* MDTransition.m in Sources */ = {isa = PBXBuildFile; fileRef = B14D34F11C0ED26400EBF967 /* MDTransition.m */; };
		B14D34F51C0EDB6500EBF967 /* MDCellTransition.m in Sources */ = {isa = PBXBuildFile; fileRef = B14D34F41C0EDB6500EBF967 /* MDCellTransition.m */; };
/* End PBXBuildFile section */

/* Begin PBXContainerItemProxy section */
		B14D34CF1C0E934300EBF967 /* PBXContainerItemProxy */ = {
			isa = PBXContainerItemProxy;
			containerPortal = B14D34AD1C0E934300EBF967 /* Project object */;
			proxyType = 1;
			remoteGlobalIDString = B14D34B41C0E934300EBF967;
			remoteInfo = MaterialDesignForiOS;
		};
		B14D34DA1C0E934300EBF967 /* PBXContainerItemProxy */ = {
			isa = PBXContainerItemProxy;
			containerPortal = B14D34AD1C0E934300EBF967 /* Project object */;
			proxyType = 1;
			remoteGlobalIDString = B14D34B41C0E934300EBF967;
			remoteInfo = MaterialDesignForiOS;
		};
/* End PBXContainerItemProxy section */

/* Begin PBXFileReference section */
		B12F5E6C1C0EE13B00CE7619 /* OneViewController.h */ = {isa = PBXFileReference; fileEncoding = 4; lastKnownFileType = sourcecode.c.h; path = OneViewController.h; sourceTree = "<group>"; };
		B12F5E6D1C0EE13B00CE7619 /* OneViewController.m */ = {isa = PBXFileReference; fileEncoding = 4; lastKnownFileType = sourcecode.c.objc; path = OneViewController.m; sourceTree = "<group>"; };
		B12F5E6F1C0EE14E00CE7619 /* TwoViewController.h */ = {isa = PBXFileReference; fileEncoding = 4; lastKnownFileType = sourcecode.c.h; path = TwoViewController.h; sourceTree = "<group>"; };
		B12F5E701C0EE14E00CE7619 /* TwoViewController.m */ = {isa = PBXFileReference; fileEncoding = 4; lastKnownFileType = sourcecode.c.objc; path = TwoViewController.m; sourceTree = "<group>"; };
		B12F5E721C0EEA4000CE7619 /* MDCellBackTransition.h */ = {isa = PBXFileReference; fileEncoding = 4; lastKnownFileType = sourcecode.c.h; path = MDCellBackTransition.h; sourceTree = "<group>"; };
		B12F5E731C0EEA4000CE7619 /* MDCellBackTransition.m */ = {isa = PBXFileReference; fileEncoding = 4; lastKnownFileType = sourcecode.c.objc; path = MDCellBackTransition.m; sourceTree = "<group>"; };
		B13E5E961C0F356900FCB95D /* MDSwitch.h */ = {isa = PBXFileReference; fileEncoding = 4; lastKnownFileType = sourcecode.c.h; path = MDSwitch.h; sourceTree = "<group>"; };
		B13E5E971C0F356900FCB95D /* MDSwitch.m */ = {isa = PBXFileReference; fileEncoding = 4; lastKnownFileType = sourcecode.c.objc; path = MDSwitch.m; sourceTree = "<group>"; };
		B14D34B51C0E934300EBF967 /* MaterialDesignForiOS.app */ = {isa = PBXFileReference; explicitFileType = wrapper.application; includeInIndex = 0; path = MaterialDesignForiOS.app; sourceTree = BUILT_PRODUCTS_DIR; };
		B14D34B91C0E934300EBF967 /* main.m */ = {isa = PBXFileReference; lastKnownFileType = sourcecode.c.objc; path = main.m; sourceTree = "<group>"; };
		B14D34BB1C0E934300EBF967 /* AppDelegate.h */ = {isa = PBXFileReference; lastKnownFileType = sourcecode.c.h; path = AppDelegate.h; sourceTree = "<group>"; };
		B14D34BC1C0E934300EBF967 /* AppDelegate.m */ = {isa = PBXFileReference; lastKnownFileType = sourcecode.c.objc; path = AppDelegate.m; sourceTree = "<group>"; };
		B14D34BE1C0E934300EBF967 /* ViewController.h */ = {isa = PBXFileReference; lastKnownFileType = sourcecode.c.h; path = ViewController.h; sourceTree = "<group>"; };
		B14D34BF1C0E934300EBF967 /* ViewController.m */ = {isa = PBXFileReference; lastKnownFileType = sourcecode.c.objc; path = ViewController.m; sourceTree = "<group>"; };
		B14D34C21C0E934300EBF967 /* Base */ = {isa = PBXFileReference; lastKnownFileType = file.storyboard; name = Base; path = Base.lproj/Main.storyboard; sourceTree = "<group>"; };
		B14D34C41C0E934300EBF967 /* Assets.xcassets */ = {isa = PBXFileReference; lastKnownFileType = folder.assetcatalog; path = Assets.xcassets; sourceTree = "<group>"; };
		B14D34C71C0E934300EBF967 /* Base */ = {isa = PBXFileReference; lastKnownFileType = file.storyboard; name = Base; path = Base.lproj/LaunchScreen.storyboard; sourceTree = "<group>"; };
		B14D34C91C0E934300EBF967 /* Info.plist */ = {isa = PBXFileReference; lastKnownFileType = text.plist.xml; path = Info.plist; sourceTree = "<group>"; };
		B14D34CE1C0E934300EBF967 /* MaterialDesignForiOSTests.xctest */ = {isa = PBXFileReference; explicitFileType = wrapper.cfbundle; includeInIndex = 0; path = MaterialDesignForiOSTests.xctest; sourceTree = BUILT_PRODUCTS_DIR; };
		B14D34D21C0E934300EBF967 /* MaterialDesignForiOSTests.m */ = {isa = PBXFileReference; lastKnownFileType = sourcecode.c.objc; path = MaterialDesignForiOSTests.m; sourceTree = "<group>"; };
		B14D34D41C0E934300EBF967 /* Info.plist */ = {isa = PBXFileReference; lastKnownFileType = text.plist.xml; path = Info.plist; sourceTree = "<group>"; };
		B14D34D91C0E934300EBF967 /* MaterialDesignForiOSUITests.xctest */ = {isa = PBXFileReference; explicitFileType = wrapper.cfbundle; includeInIndex = 0; path = MaterialDesignForiOSUITests.xctest; sourceTree = BUILT_PRODUCTS_DIR; };
		B14D34DD1C0E934300EBF967 /* MaterialDesignForiOSUITests.m */ = {isa = PBXFileReference; lastKnownFileType = sourcecode.c.objc; path = MaterialDesignForiOSUITests.m; sourceTree = "<group>"; };
		B14D34DF1C0E934300EBF967 /* Info.plist */ = {isa = PBXFileReference; lastKnownFileType = text.plist.xml; path = Info.plist; sourceTree = "<group>"; };
		B14D34EC1C0E937A00EBF967 /* MDButton.h */ = {isa = PBXFileReference; fileEncoding = 4; lastKnownFileType = sourcecode.c.h; path = MDButton.h; sourceTree = "<group>"; };
		B14D34ED1C0E937A00EBF967 /* MDButton.m */ = {isa = PBXFileReference; fileEncoding = 4; lastKnownFileType = sourcecode.c.objc; path = MDButton.m; sourceTree = "<group>"; };
		B14D34F01C0ED26400EBF967 /* MDTransition.h */ = {isa = PBXFileReference; fileEncoding = 4; lastKnownFileType = sourcecode.c.h; path = MDTransition.h; sourceTree = "<group>"; };
		B14D34F11C0ED26400EBF967 /* MDTransition.m */ = {isa = PBXFileReference; fileEncoding = 4; lastKnownFileType = sourcecode.c.objc; path = MDTransition.m; sourceTree = "<group>"; };
		B14D34F31C0EDB6500EBF967 /* MDCellTransition.h */ = {isa = PBXFileReference; fileEncoding = 4; lastKnownFileType = sourcecode.c.h; path = MDCellTransition.h; sourceTree = "<group>"; };
		B14D34F41C0EDB6500EBF967 /* MDCellTransition.m */ = {isa = PBXFileReference; fileEncoding = 4; lastKnownFileType = sourcecode.c.objc; path = MDCellTransition.m; sourceTree = "<group>"; };
/* End PBXFileReference section */

/* Begin PBXFrameworksBuildPhase section */
		B14D34B21C0E934300EBF967 /* Frameworks */ = {
			isa = PBXFrameworksBuildPhase;
			buildActionMask = 2147483647;
			files = (
			);
			runOnlyForDeploymentPostprocessing = 0;
		};
		B14D34CB1C0E934300EBF967 /* Frameworks */ = {
			isa = PBXFrameworksBuildPhase;
			buildActionMask = 2147483647;
			files = (
			);
			runOnlyForDeploymentPostprocessing = 0;
		};
		B14D34D61C0E934300EBF967 /* Frameworks */ = {
			isa = PBXFrameworksBuildPhase;
			buildActionMask = 2147483647;
			files = (
			);
			runOnlyForDeploymentPostprocessing = 0;
		};
/* End PBXFrameworksBuildPhase section */

/* Begin PBXGroup section */
		B13E5E951C0F352700FCB95D /* MDSwitch */ = {
			isa = PBXGroup;
			children = (
				B13E5E961C0F356900FCB95D /* MDSwitch.h */,
				B13E5E971C0F356900FCB95D /* MDSwitch.m */,
			);
			path = MDSwitch;
			sourceTree = "<group>";
		};
		B14D34AC1C0E934300EBF967 = {
			isa = PBXGroup;
			children = (
				B14D34B71C0E934300EBF967 /* MaterialDesignForiOS */,
				B14D34D11C0E934300EBF967 /* MaterialDesignForiOSTests */,
				B14D34DC1C0E934300EBF967 /* MaterialDesignForiOSUITests */,
				B14D34B61C0E934300EBF967 /* Products */,
			);
			sourceTree = "<group>";
		};
		B14D34B61C0E934300EBF967 /* Products */ = {
			isa = PBXGroup;
			children = (
				B14D34B51C0E934300EBF967 /* MaterialDesignForiOS.app */,
				B14D34CE1C0E934300EBF967 /* MaterialDesignForiOSTests.xctest */,
				B14D34D91C0E934300EBF967 /* MaterialDesignForiOSUITests.xctest */,
			);
			name = Products;
			sourceTree = "<group>";
		};
		B14D34B71C0E934300EBF967 /* MaterialDesignForiOS */ = {
			isa = PBXGroup;
			children = (
				B13E5E951C0F352700FCB95D /* MDSwitch */,
				B14D34EF1C0ED23800EBF967 /* MDTransition */,
				B14D34EB1C0E936600EBF967 /* MDButton */,
				B14D34BB1C0E934300EBF967 /* AppDelegate.h */,
				B14D34BC1C0E934300EBF967 /* AppDelegate.m */,
				B14D34BE1C0E934300EBF967 /* ViewController.h */,
				B14D34BF1C0E934300EBF967 /* ViewController.m */,
				B14D34C11C0E934300EBF967 /* Main.storyboard */,
				B14D34C41C0E934300EBF967 /* Assets.xcassets */,
				B14D34C61C0E934300EBF967 /* LaunchScreen.storyboard */,
				B14D34C91C0E934300EBF967 /* Info.plist */,
				B14D34B81C0E934300EBF967 /* Supporting Files */,
				B12F5E6C1C0EE13B00CE7619 /* OneViewController.h */,
				B12F5E6D1C0EE13B00CE7619 /* OneViewController.m */,
				B12F5E6F1C0EE14E00CE7619 /* TwoViewController.h */,
				B12F5E701C0EE14E00CE7619 /* TwoViewController.m */,
			);
			path = MaterialDesignForiOS;
			sourceTree = "<group>";
		};
		B14D34B81C0E934300EBF967 /* Supporting Files */ = {
			isa = PBXGroup;
			children = (
				B14D34B91C0E934300EBF967 /* main.m */,
			);
			name = "Supporting Files";
			sourceTree = "<group>";
		};
		B14D34D11C0E934300EBF967 /* MaterialDesignForiOSTests */ = {
			isa = PBXGroup;
			children = (
				B14D34D21C0E934300EBF967 /* MaterialDesignForiOSTests.m */,
				B14D34D41C0E934300EBF967 /* Info.plist */,
			);
			path = MaterialDesignForiOSTests;
			sourceTree = "<group>";
		};
		B14D34DC1C0E934300EBF967 /* MaterialDesignForiOSUITests */ = {
			isa = PBXGroup;
			children = (
				B14D34DD1C0E934300EBF967 /* MaterialDesignForiOSUITests.m */,
				B14D34DF1C0E934300EBF967 /* Info.plist */,
			);
			path = MaterialDesignForiOSUITests;
			sourceTree = "<group>";
		};
		B14D34EB1C0E936600EBF967 /* MDButton */ = {
			isa = PBXGroup;
			children = (
				B14D34EC1C0E937A00EBF967 /* MDButton.h */,
				B14D34ED1C0E937A00EBF967 /* MDButton.m */,
			);
			path = MDButton;
			sourceTree = "<group>";
		};
		B14D34EF1C0ED23800EBF967 /* MDTransition */ = {
			isa = PBXGroup;
			children = (
				B14D34F01C0ED26400EBF967 /* MDTransition.h */,
				B14D34F11C0ED26400EBF967 /* MDTransition.m */,
				B14D34F31C0EDB6500EBF967 /* MDCellTransition.h */,
				B14D34F41C0EDB6500EBF967 /* MDCellTransition.m */,
				B12F5E721C0EEA4000CE7619 /* MDCellBackTransition.h */,
				B12F5E731C0EEA4000CE7619 /* MDCellBackTransition.m */,
			);
			path = MDTransition;
			sourceTree = "<group>";
		};
/* End PBXGroup section */

/* Begin PBXNativeTarget section */
		B14D34B41C0E934300EBF967 /* MaterialDesignForiOS */ = {
			isa = PBXNativeTarget;
			buildConfigurationList = B14D34E21C0E934300EBF967 /* Build configuration list for PBXNativeTarget "MaterialDesignForiOS" */;
			buildPhases = (
				B14D34B11C0E934300EBF967 /* Sources */,
				B14D34B21C0E934300EBF967 /* Frameworks */,
				B14D34B31C0E934300EBF967 /* Resources */,
			);
			buildRules = (
			);
			dependencies = (
			);
			name = MaterialDesignForiOS;
			productName = MaterialDesignForiOS;
			productReference = B14D34B51C0E934300EBF967 /* MaterialDesignForiOS.app */;
			productType = "com.apple.product-type.application";
		};
		B14D34CD1C0E934300EBF967 /* MaterialDesignForiOSTests */ = {
			isa = PBXNativeTarget;
			buildConfigurationList = B14D34E51C0E934300EBF967 /* Build configuration list for PBXNativeTarget "MaterialDesignForiOSTests" */;
			buildPhases = (
				B14D34CA1C0E934300EBF967 /* Sources */,
				B14D34CB1C0E934300EBF967 /* Frameworks */,
				B14D34CC1C0E934300EBF967 /* Resources */,
			);
			buildRules = (
			);
			dependencies = (
				B14D34D01C0E934300EBF967 /* PBXTargetDependency */,
			);
			name = MaterialDesignForiOSTests;
			productName = MaterialDesignForiOSTests;
			productReference = B14D34CE1C0E934300EBF967 /* MaterialDesignForiOSTests.xctest */;
			productType = "com.apple.product-type.bundle.unit-test";
		};
		B14D34D81C0E934300EBF967 /* MaterialDesignForiOSUITests */ = {
			isa = PBXNativeTarget;
			buildConfigurationList = B14D34E81C0E934300EBF967 /* Build configuration list for PBXNativeTarget "MaterialDesignForiOSUITests" */;
			buildPhases = (
				B14D34D51C0E934300EBF967 /* Sources */,
				B14D34D61C0E934300EBF967 /* Frameworks */,
				B14D34D71C0E934300EBF967 /* Resources */,
			);
			buildRules = (
			);
			dependencies = (
				B14D34DB1C0E934300EBF967 /* PBXTargetDependency */,
			);
			name = MaterialDesignForiOSUITests;
			productName = MaterialDesignForiOSUITests;
			productReference = B14D34D91C0E934300EBF967 /* MaterialDesignForiOSUITests.xctest */;
			productType = "com.apple.product-type.bundle.ui-testing";
		};
/* End PBXNativeTarget section */

/* Begin PBXProject section */
		B14D34AD1C0E934300EBF967 /* Project object */ = {
			isa = PBXProject;
			attributes = {
				LastUpgradeCheck = 0710;
				ORGANIZATIONNAME = XueSeason;
				TargetAttributes = {
					B14D34B41C0E934300EBF967 = {
						CreatedOnToolsVersion = 7.1;
					};
					B14D34CD1C0E934300EBF967 = {
						CreatedOnToolsVersion = 7.1;
						TestTargetID = B14D34B41C0E934300EBF967;
					};
					B14D34D81C0E934300EBF967 = {
						CreatedOnToolsVersion = 7.1;
						TestTargetID = B14D34B41C0E934300EBF967;
					};
				};
			};
			buildConfigurationList = B14D34B01C0E934300EBF967 /* Build configuration list for PBXProject "MaterialDesignForiOS" */;
			compatibilityVersion = "Xcode 3.2";
			developmentRegion = English;
			hasScannedForEncodings = 0;
			knownRegions = (
				en,
				Base,
			);
			mainGroup = B14D34AC1C0E934300EBF967;
			productRefGroup = B14D34B61C0E934300EBF967 /* Products */;
			projectDirPath = "";
			projectRoot = "";
			targets = (
				B14D34B41C0E934300EBF967 /* MaterialDesignForiOS */,
				B14D34CD1C0E934300EBF967 /* MaterialDesignForiOSTests */,
				B14D34D81C0E934300EBF967 /* MaterialDesignForiOSUITests */,
			);
		};
/* End PBXProject section */

/* Begin PBXResourcesBuildPhase section */
		B14D34B31C0E934300EBF967 /* Resources */ = {
			isa = PBXResourcesBuildPhase;
			buildActionMask = 2147483647;
			files = (
				B14D34C81C0E934300EBF967 /* LaunchScreen.storyboard in Resources */,
				B14D34C51C0E934300EBF967 /* Assets.xcassets in Resources */,
				B14D34C31C0E934300EBF967 /* Main.storyboard in Resources */,
			);
			runOnlyForDeploymentPostprocessing = 0;
		};
		B14D34CC1C0E934300EBF967 /* Resources */ = {
			isa = PBXResourcesBuildPhase;
			buildActionMask = 2147483647;
			files = (
			);
			runOnlyForDeploymentPostprocessing = 0;
		};
		B14D34D71C0E934300EBF967 /* Resources */ = {
			isa = PBXResourcesBuildPhase;
			buildActionMask = 2147483647;
			files = (
			);
			runOnlyForDeploymentPostprocessing = 0;
		};
/* End PBXResourcesBuildPhase section */

/* Begin PBXSourcesBuildPhase section */
		B14D34B11C0E934300EBF967 /* Sources */ = {
			isa = PBXSourcesBuildPhase;
			buildActionMask = 2147483647;
			files = (
				B14D34C01C0E934300EBF967 /* ViewController.m in Sources */,
				B14D34F51C0EDB6500EBF967 /* MDCellTransition.m in Sources */,
				B14D34BD1C0E934300EBF967 /* AppDelegate.m in Sources */,
				B12F5E741C0EEA4000CE7619 /* MDCellBackTransition.m in Sources */,
				B14D34F21C0ED26400EBF967 /* MDTransition.m in Sources */,
				B14D34EE1C0E937A00EBF967 /* MDButton.m in Sources */,
				B13E5E981C0F356900FCB95D /* MDSwitch.m in Sources */,
				B12F5E6E1C0EE13B00CE7619 /* OneViewController.m in Sources */,
				B14D34BA1C0E934300EBF967 /* main.m in Sources */,
				B12F5E711C0EE14E00CE7619 /* TwoViewController.m in Sources */,
			);
			runOnlyForDeploymentPostprocessing = 0;
		};
		B14D34CA1C0E934300EBF967 /* Sources */ = {
			isa = PBXSourcesBuildPhase;
			buildActionMask = 2147483647;
			files = (
				B14D34D31C0E934300EBF967 /* MaterialDesignForiOSTests.m in Sources */,
			);
			runOnlyForDeploymentPostprocessing = 0;
		};
		B14D34D51C0E934300EBF967 /* Sources */ = {
			isa = PBXSourcesBuildPhase;
			buildActionMask = 2147483647;
			files = (
				B14D34DE1C0E934300EBF967 /* MaterialDesignForiOSUITests.m in Sources */,
			);
			runOnlyForDeploymentPostprocessing = 0;
		};
/* End PBXSourcesBuildPhase section */

/* Begin PBXTargetDependency section */
		B14D34D01C0E934300EBF967 /* PBXTargetDependency */ = {
			isa = PBXTargetDependency;
			target = B14D34B41C0E934300EBF967 /* MaterialDesignForiOS */;
			targetProxy = B14D34CF1C0E934300EBF967 /* PBXContainerItemProxy */;
		};
		B14D34DB1C0E934300EBF967 /* PBXTargetDependency */ = {
			isa = PBXTargetDependency;
			target = B14D34B41C0E934300EBF967 /* MaterialDesignForiOS */;
			targetProxy = B14D34DA1C0E934300EBF967 /* PBXContainerItemProxy */;
		};
/* End PBXTargetDependency section */

/* Begin PBXVariantGroup section */
		B14D34C11C0E934300EBF967 /* Main.storyboard */ = {
			isa = PBXVariantGroup;
			children = (
				B14D34C21C0E934300EBF967 /* Base */,
			);
			name = Main.storyboard;
			sourceTree = "<group>";
		};
		B14D34C61C0E934300EBF967 /* LaunchScreen.storyboard */ = {
			isa = PBXVariantGroup;
			children = (
				B14D34C71C0E934300EBF967 /* Base */,
			);
			name = LaunchScreen.storyboard;
			sourceTree = "<group>";
		};
/* End PBXVariantGroup section */

/* Begin XCBuildConfiguration section */
		B14D34E01C0E934300EBF967 /* Debug */ = {
			isa = XCBuildConfiguration;
			buildSettings = {
				ALWAYS_SEARCH_USER_PATHS = NO;
				CLANG_CXX_LANGUAGE_STANDARD = "gnu++0x";
				CLANG_CXX_LIBRARY = "libc++";
				CLANG_ENABLE_MODULES = YES;
				CLANG_ENABLE_OBJC_ARC = YES;
				CLANG_WARN_BOOL_CONVERSION = YES;
				CLANG_WARN_CONSTANT_CONVERSION = YES;
				CLANG_WARN_DIRECT_OBJC_ISA_USAGE = YES_ERROR;
				CLANG_WARN_EMPTY_BODY = YES;
				CLANG_WARN_ENUM_CONVERSION = YES;
				CLANG_WARN_INT_CONVERSION = YES;
				CLANG_WARN_OBJC_ROOT_CLASS = YES_ERROR;
				CLANG_WARN_UNREACHABLE_CODE = YES;
				CLANG_WARN__DUPLICATE_METHOD_MATCH = YES;
				"CODE_SIGN_IDENTITY[sdk=iphoneos*]" = "iPhone Developer";
				COPY_PHASE_STRIP = NO;
				DEBUG_INFORMATION_FORMAT = dwarf;
				ENABLE_STRICT_OBJC_MSGSEND = YES;
				ENABLE_TESTABILITY = YES;
				GCC_C_LANGUAGE_STANDARD = gnu99;
				GCC_DYNAMIC_NO_PIC = NO;
				GCC_NO_COMMON_BLOCKS = YES;
				GCC_OPTIMIZATION_LEVEL = 0;
				GCC_PREPROCESSOR_DEFINITIONS = (
					"DEBUG=1",
					"$(inherited)",
				);
				GCC_WARN_64_TO_32_BIT_CONVERSION = YES;
				GCC_WARN_ABOUT_RETURN_TYPE = YES_ERROR;
				GCC_WARN_UNDECLARED_SELECTOR = YES;
				GCC_WARN_UNINITIALIZED_AUTOS = YES_AGGRESSIVE;
				GCC_WARN_UNUSED_FUNCTION = YES;
				GCC_WARN_UNUSED_VARIABLE = YES;
				IPHONEOS_DEPLOYMENT_TARGET = 9.1;
				MTL_ENABLE_DEBUG_INFO = YES;
				ONLY_ACTIVE_ARCH = YES;
				SDKROOT = iphoneos;
			};
			name = Debug;
		};
		B14D34E11C0E934300EBF967 /* Release */ = {
			isa = XCBuildConfiguration;
			buildSettings = {
				ALWAYS_SEARCH_USER_PATHS = NO;
				CLANG_CXX_LANGUAGE_STANDARD = "gnu++0x";
				CLANG_CXX_LIBRARY = "libc++";
				CLANG_ENABLE_MODULES = YES;
				CLANG_ENABLE_OBJC_ARC = YES;
				CLANG_WARN_BOOL_CONVERSION = YES;
				CLANG_WARN_CONSTANT_CONVERSION = YES;
				CLANG_WARN_DIRECT_OBJC_ISA_USAGE = YES_ERROR;
				CLANG_WARN_EMPTY_BODY = YES;
				CLANG_WARN_ENUM_CONVERSION = YES;
				CLANG_WARN_INT_CONVERSION = YES;
				CLANG_WARN_OBJC_ROOT_CLASS = YES_ERROR;
				CLANG_WARN_UNREACHABLE_CODE = YES;
				CLANG_WARN__DUPLICATE_METHOD_MATCH = YES;
				"CODE_SIGN_IDENTITY[sdk=iphoneos*]" = "iPhone Developer";
				COPY_PHASE_STRIP = NO;
				DEBUG_INFORMATION_FORMAT = "dwarf-with-dsym";
				ENABLE_NS_ASSERTIONS = NO;
				ENABLE_STRICT_OBJC_MSGSEND = YES;
				GCC_C_LANGUAGE_STANDARD = gnu99;
				GCC_NO_COMMON_BLOCKS = YES;
				GCC_WARN_64_TO_32_BIT_CONVERSION = YES;
				GCC_WARN_ABOUT_RETURN_TYPE = YES_ERROR;
				GCC_WARN_UNDECLARED_SELECTOR = YES;
				GCC_WARN_UNINITIALIZED_AUTOS = YES_AGGRESSIVE;
				GCC_WARN_UNUSED_FUNCTION = YES;
				GCC_WARN_UNUSED_VARIABLE = YES;
				IPHONEOS_DEPLOYMENT_TARGET = 9.1;
				MTL_ENABLE_DEBUG_INFO = NO;
				SDKROOT = iphoneos;
				VALIDATE_PRODUCT = YES;
			};
			name = Release;
		};
		B14D34E31C0E934300EBF967 /* Debug */ = {
			isa = XCBuildConfiguration;
			buildSettings = {
				ASSETCATALOG_COMPILER_APPICON_NAME = AppIcon;
				INFOPLIST_FILE = MaterialDesignForiOS/Info.plist;
				LD_RUNPATH_SEARCH_PATHS = "$(inherited) @executable_path/Frameworks";
				PRODUCT_BUNDLE_IDENTIFIER = com.season.MaterialDesignForiOS;
				PRODUCT_NAME = "$(TARGET_NAME)";
			};
			name = Debug;
		};
		B14D34E41C0E934300EBF967 /* Release */ = {
			isa = XCBuildConfiguration;
			buildSettings = {
				ASSETCATALOG_COMPILER_APPICON_NAME = AppIcon;
				INFOPLIST_FILE = MaterialDesignForiOS/Info.plist;
				LD_RUNPATH_SEARCH_PATHS = "$(inherited) @executable_path/Frameworks";
				PRODUCT_BUNDLE_IDENTIFIER = com.season.MaterialDesignForiOS;
				PRODUCT_NAME = "$(TARGET_NAME)";
			};
			name = Release;
		};
		B14D34E61C0E934300EBF967 /* Debug */ = {
			isa = XCBuildConfiguration;
			buildSettings = {
				BUNDLE_LOADER = "$(TEST_HOST)";
				INFOPLIST_FILE = MaterialDesignForiOSTests/Info.plist;
				LD_RUNPATH_SEARCH_PATHS = "$(inherited) @executable_path/Frameworks @loader_path/Frameworks";
				PRODUCT_BUNDLE_IDENTIFIER = com.season.MaterialDesignForiOSTests;
				PRODUCT_NAME = "$(TARGET_NAME)";
				TEST_HOST = "$(BUILT_PRODUCTS_DIR)/MaterialDesignForiOS.app/MaterialDesignForiOS";
			};
			name = Debug;
		};
		B14D34E71C0E934300EBF967 /* Release */ = {
			isa = XCBuildConfiguration;
			buildSettings = {
				BUNDLE_LOADER = "$(TEST_HOST)";
				INFOPLIST_FILE = MaterialDesignForiOSTests/Info.plist;
				LD_RUNPATH_SEARCH_PATHS = "$(inherited) @executable_path/Frameworks @loader_path/Frameworks";
				PRODUCT_BUNDLE_IDENTIFIER = com.season.MaterialDesignForiOSTests;
				PRODUCT_NAME = "$(TARGET_NAME)";
				TEST_HOST = "$(BUILT_PRODUCTS_DIR)/MaterialDesignForiOS.app/MaterialDesignForiOS";
			};
			name = Release;
		};
		B14D34E91C0E934300EBF967 /* Debug */ = {
			isa = XCBuildConfiguration;
			buildSettings = {
				INFOPLIST_FILE = MaterialDesignForiOSUITests/Info.plist;
				LD_RUNPATH_SEARCH_PATHS = "$(inherited) @executable_path/Frameworks @loader_path/Frameworks";
				PRODUCT_BUNDLE_IDENTIFIER = com.season.MaterialDesignForiOSUITests;
				PRODUCT_NAME = "$(TARGET_NAME)";
				TEST_TARGET_NAME = MaterialDesignForiOS;
				USES_XCTRUNNER = YES;
			};
			name = Debug;
		};
		B14D34EA1C0E934300EBF967 /* Release */ = {
			isa = XCBuildConfiguration;
			buildSettings = {
				INFOPLIST_FILE = MaterialDesignForiOSUITests/Info.plist;
				LD_RUNPATH_SEARCH_PATHS = "$(inherited) @executable_path/Frameworks @loader_path/Frameworks";
				PRODUCT_BUNDLE_IDENTIFIER = com.season.MaterialDesignForiOSUITests;
				PRODUCT_NAME = "$(TARGET_NAME)";
				TEST_TARGET_NAME = MaterialDesignForiOS;
				USES_XCTRUNNER = YES;
			};
			name = Release;
		};
/* End XCBuildConfiguration section */

/* Begin XCConfigurationList section */
		B14D34B01C0E934300EBF967 /* Build configuration list for PBXProject "MaterialDesignForiOS" */ = {
			isa = XCConfigurationList;
			buildConfigurations = (
				B14D34E01C0E934300EBF967 /* Debug */,
				B14D34E11C0E934300EBF967 /* Release */,
			);
			defaultConfigurationIsVisible = 0;
			defaultConfigurationName = Release;
		};
		B14D34E21C0E934300EBF967 /* Build configuration list for PBXNativeTarget "MaterialDesignForiOS" */ = {
			isa = XCConfigurationList;
			buildConfigurations = (
				B14D34E31C0E934300EBF967 /* Debug */,
				B14D34E41C0E934300EBF967 /* Release */,
			);
			defaultConfigurationIsVisible = 0;
			defaultConfigurationName = Release;
		};
		B14D34E51C0E934300EBF967 /* Build configuration list for PBXNativeTarget "MaterialDesignForiOSTests" */ = {
			isa = XCConfigurationList;
			buildConfigurations = (
				B14D34E61C0E934300EBF967 /* Debug */,
				B14D34E71C0E934300EBF967 /* Release */,
			);
			defaultConfigurationIsVisible = 0;
			defaultConfigurationName = Release;
		};
		B14D34E81C0E934300EBF967 /* Build configuration list for PBXNativeTarget "MaterialDesignForiOSUITests" */ = {
			isa = XCConfigurationList;
			buildConfigurations = (
				B14D34E91C0E934300EBF967 /* Debug */,
				B14D34EA1C0E934300EBF967 /* Release */,
			);
			defaultConfigurationIsVisible = 0;
			defaultConfigurationName = Release;
		};
/* End XCConfigurationList section */
	};
	rootObject = B14D34AD1C0E934300EBF967 /* Project object */;
}
